
Microsoft Visual Studio Solution File, Format Version 12.00
# Visual Studio 2013
VisualStudioVersion = 12.0.30723.0
MinimumVisualStudioVersion = 10.0.40219.1
Project("{2150E333-8FDC-42A3-9474-1A3956D46DE8}") = ".nuget", ".nuget", "{1EFCD76D-1C9A-499A-906C-7130C1427185}"
	ProjectSection(SolutionItems) = preProject
		.nuget\NuGet.exe = .nuget\NuGet.exe
	EndProjectSection
EndProject
Project("{FAE04EC0-301F-11D3-BF4B-00C04F79EFBC}") = "Purchasing.Tests", "Purchasing.Tests\Purchasing.Tests.csproj", "{E0236983-79B2-4279-8B12-6EF256C48AE9}"
EndProject
Project("{FAE04EC0-301F-11D3-BF4B-00C04F79EFBC}") = "Purchasing.Core", "Purchasing.Core\Purchasing.Core.csproj", "{B1C96724-966E-4481-89A7-DF4B1C26069D}"
EndProject
Project("{FAE04EC0-301F-11D3-BF4B-00C04F79EFBC}") = "Purchasing.WS", "Purchasing.WS\Purchasing.WS.csproj", "{8BEC9B9F-DF26-4072-9C84-EAB76E1484A6}"
EndProject
Project("{CC5FD16D-436D-48AD-A40C-5A424C6E3E79}") = "Purchasing.Web.Azure", "Purchasing.Web.Azure\Purchasing.Web.Azure.ccproj", "{78504968-F0E0-48BA-8BEE-8886E196E0C0}"
EndProject
Project("{00D1A9C2-B5F0-4AF3-8072-F6C62B433612}") = "PurchasingTP.AzureDb", "PurchasingTP.AzureDb\PurchasingTP.AzureDb.sqlproj", "{869BEB7A-7E1C-40D2-B8F5-8FAD6F049A1A}"
EndProject
Project("{FAE04EC0-301F-11D3-BF4B-00C04F79EFBC}") = "Purchasing.Mvc", "Purchasing.Mvc\Purchasing.Mvc.csproj", "{AD6F87B5-3E46-45C7-94E1-3625D8E44F33}"
EndProject
Project("{2150E333-8FDC-42A3-9474-1A3956D46DE8}") = "Jobs", "Jobs", "{3201A95E-A908-42BC-9363-D8B5720F6881}"
EndProject
Project("{FAE04EC0-301F-11D3-BF4B-00C04F79EFBC}") = "Purchasing.Jobs.UpdateOrderIndexes", "Purchasing.Jobs.UpdateOrderIndexes\Purchasing.Jobs.UpdateOrderIndexes.csproj", "{32D38E9E-2FC1-45CB-9067-87BB8D71057A}"
EndProject
Project("{FAE04EC0-301F-11D3-BF4B-00C04F79EFBC}") = "Purchasing.Jobs.Common", "Purchasing.Jobs.Common\Purchasing.Jobs.Common.csproj", "{CD0959A5-72D6-4F58-A730-24251C0F95FD}"
EndProject
Global
	GlobalSection(SolutionConfigurationPlatforms) = preSolution
		Debug|Any CPU = Debug|Any CPU
		Release|Any CPU = Release|Any CPU
		ReleaseAzure|Any CPU = ReleaseAzure|Any CPU
		ReleaseCAES|Any CPU = ReleaseCAES|Any CPU
		Test|Any CPU = Test|Any CPU
	EndGlobalSection
	GlobalSection(ProjectConfigurationPlatforms) = postSolution
		{E0236983-79B2-4279-8B12-6EF256C48AE9}.Debug|Any CPU.ActiveCfg = Debug|Any CPU
		{E0236983-79B2-4279-8B12-6EF256C48AE9}.Debug|Any CPU.Build.0 = Debug|Any CPU
		{E0236983-79B2-4279-8B12-6EF256C48AE9}.Release|Any CPU.ActiveCfg = Release|Any CPU
		{E0236983-79B2-4279-8B12-6EF256C48AE9}.Release|Any CPU.Build.0 = Release|Any CPU
		{E0236983-79B2-4279-8B12-6EF256C48AE9}.ReleaseAzure|Any CPU.ActiveCfg = ReleaseAzure|Any CPU
		{E0236983-79B2-4279-8B12-6EF256C48AE9}.ReleaseAzure|Any CPU.Build.0 = ReleaseAzure|Any CPU
		{E0236983-79B2-4279-8B12-6EF256C48AE9}.ReleaseCAES|Any CPU.ActiveCfg = ReleaseCAES|Any CPU
		{E0236983-79B2-4279-8B12-6EF256C48AE9}.ReleaseCAES|Any CPU.Build.0 = ReleaseCAES|Any CPU
		{E0236983-79B2-4279-8B12-6EF256C48AE9}.Test|Any CPU.ActiveCfg = Test|Any CPU
		{B1C96724-966E-4481-89A7-DF4B1C26069D}.Debug|Any CPU.ActiveCfg = Debug|Any CPU
		{B1C96724-966E-4481-89A7-DF4B1C26069D}.Debug|Any CPU.Build.0 = Debug|Any CPU
		{B1C96724-966E-4481-89A7-DF4B1C26069D}.Release|Any CPU.ActiveCfg = Release|Any CPU
		{B1C96724-966E-4481-89A7-DF4B1C26069D}.Release|Any CPU.Build.0 = Release|Any CPU
		{B1C96724-966E-4481-89A7-DF4B1C26069D}.ReleaseAzure|Any CPU.ActiveCfg = ReleaseAzure|Any CPU
		{B1C96724-966E-4481-89A7-DF4B1C26069D}.ReleaseAzure|Any CPU.Build.0 = ReleaseAzure|Any CPU
		{B1C96724-966E-4481-89A7-DF4B1C26069D}.ReleaseCAES|Any CPU.ActiveCfg = ReleaseCAES|Any CPU
		{B1C96724-966E-4481-89A7-DF4B1C26069D}.ReleaseCAES|Any CPU.Build.0 = ReleaseCAES|Any CPU
		{B1C96724-966E-4481-89A7-DF4B1C26069D}.Test|Any CPU.ActiveCfg = Test|Any CPU
		{B1C96724-966E-4481-89A7-DF4B1C26069D}.Test|Any CPU.Build.0 = Test|Any CPU
		{8BEC9B9F-DF26-4072-9C84-EAB76E1484A6}.Debug|Any CPU.ActiveCfg = Debug|Any CPU
		{8BEC9B9F-DF26-4072-9C84-EAB76E1484A6}.Debug|Any CPU.Build.0 = Debug|Any CPU
		{8BEC9B9F-DF26-4072-9C84-EAB76E1484A6}.Release|Any CPU.ActiveCfg = Release|Any CPU
		{8BEC9B9F-DF26-4072-9C84-EAB76E1484A6}.Release|Any CPU.Build.0 = Release|Any CPU
		{8BEC9B9F-DF26-4072-9C84-EAB76E1484A6}.ReleaseAzure|Any CPU.ActiveCfg = ReleaseAzure|Any CPU
		{8BEC9B9F-DF26-4072-9C84-EAB76E1484A6}.ReleaseAzure|Any CPU.Build.0 = ReleaseAzure|Any CPU
		{8BEC9B9F-DF26-4072-9C84-EAB76E1484A6}.ReleaseCAES|Any CPU.ActiveCfg = ReleaseCAES|Any CPU
		{8BEC9B9F-DF26-4072-9C84-EAB76E1484A6}.ReleaseCAES|Any CPU.Build.0 = ReleaseCAES|Any CPU
		{8BEC9B9F-DF26-4072-9C84-EAB76E1484A6}.Test|Any CPU.ActiveCfg = Test|Any CPU
		{8BEC9B9F-DF26-4072-9C84-EAB76E1484A6}.Test|Any CPU.Build.0 = Test|Any CPU
		{78504968-F0E0-48BA-8BEE-8886E196E0C0}.Debug|Any CPU.ActiveCfg = Debug|Any CPU
		{78504968-F0E0-48BA-8BEE-8886E196E0C0}.Release|Any CPU.ActiveCfg = Release|Any CPU
		{78504968-F0E0-48BA-8BEE-8886E196E0C0}.Release|Any CPU.Build.0 = Release|Any CPU
		{78504968-F0E0-48BA-8BEE-8886E196E0C0}.ReleaseAzure|Any CPU.ActiveCfg = ReleaseAzure|Any CPU
		{78504968-F0E0-48BA-8BEE-8886E196E0C0}.ReleaseAzure|Any CPU.Build.0 = ReleaseAzure|Any CPU
		{78504968-F0E0-48BA-8BEE-8886E196E0C0}.ReleaseCAES|Any CPU.ActiveCfg = Release|Any CPU
		{78504968-F0E0-48BA-8BEE-8886E196E0C0}.ReleaseCAES|Any CPU.Build.0 = Release|Any CPU
		{78504968-F0E0-48BA-8BEE-8886E196E0C0}.Test|Any CPU.ActiveCfg = Release|Any CPU
		{78504968-F0E0-48BA-8BEE-8886E196E0C0}.Test|Any CPU.Build.0 = Release|Any CPU
		{869BEB7A-7E1C-40D2-B8F5-8FAD6F049A1A}.Debug|Any CPU.ActiveCfg = Debug|Any CPU
		{869BEB7A-7E1C-40D2-B8F5-8FAD6F049A1A}.Release|Any CPU.ActiveCfg = Release|Any CPU
		{869BEB7A-7E1C-40D2-B8F5-8FAD6F049A1A}.Release|Any CPU.Build.0 = Release|Any CPU
		{869BEB7A-7E1C-40D2-B8F5-8FAD6F049A1A}.ReleaseAzure|Any CPU.ActiveCfg = Release|Any CPU
		{869BEB7A-7E1C-40D2-B8F5-8FAD6F049A1A}.ReleaseCAES|Any CPU.ActiveCfg = Release|Any CPU
		{869BEB7A-7E1C-40D2-B8F5-8FAD6F049A1A}.ReleaseCAES|Any CPU.Build.0 = Release|Any CPU
		{869BEB7A-7E1C-40D2-B8F5-8FAD6F049A1A}.ReleaseCAES|Any CPU.Deploy.0 = Release|Any CPU
		{869BEB7A-7E1C-40D2-B8F5-8FAD6F049A1A}.Test|Any CPU.ActiveCfg = Debug|Any CPU
		{869BEB7A-7E1C-40D2-B8F5-8FAD6F049A1A}.Test|Any CPU.Build.0 = Debug|Any CPU
		{AD6F87B5-3E46-45C7-94E1-3625D8E44F33}.Debug|Any CPU.ActiveCfg = Debug|Any CPU
		{AD6F87B5-3E46-45C7-94E1-3625D8E44F33}.Debug|Any CPU.Build.0 = Debug|Any CPU
		{AD6F87B5-3E46-45C7-94E1-3625D8E44F33}.Release|Any CPU.ActiveCfg = Release|Any CPU
		{AD6F87B5-3E46-45C7-94E1-3625D8E44F33}.Release|Any CPU.Build.0 = Release|Any CPU
		{AD6F87B5-3E46-45C7-94E1-3625D8E44F33}.ReleaseAzure|Any CPU.ActiveCfg = Release|Any CPU
		{AD6F87B5-3E46-45C7-94E1-3625D8E44F33}.ReleaseAzure|Any CPU.Build.0 = Release|Any CPU
		{AD6F87B5-3E46-45C7-94E1-3625D8E44F33}.ReleaseCAES|Any CPU.ActiveCfg = Release|Any CPU
		{AD6F87B5-3E46-45C7-94E1-3625D8E44F33}.ReleaseCAES|Any CPU.Build.0 = Release|Any CPU
		{AD6F87B5-3E46-45C7-94E1-3625D8E44F33}.Test|Any CPU.ActiveCfg = Release|Any CPU
		{AD6F87B5-3E46-45C7-94E1-3625D8E44F33}.Test|Any CPU.Build.0 = Release|Any CPU
		{32D38E9E-2FC1-45CB-9067-87BB8D71057A}.Debug|Any CPU.ActiveCfg = Debug|Any CPU
		{32D38E9E-2FC1-45CB-9067-87BB8D71057A}.Debug|Any CPU.Build.0 = Debug|Any CPU
		{32D38E9E-2FC1-45CB-9067-87BB8D71057A}.Release|Any CPU.ActiveCfg = Release|Any CPU
		{32D38E9E-2FC1-45CB-9067-87BB8D71057A}.Release|Any CPU.Build.0 = Release|Any CPU
		{32D38E9E-2FC1-45CB-9067-87BB8D71057A}.ReleaseAzure|Any CPU.ActiveCfg = Release|Any CPU
		{32D38E9E-2FC1-45CB-9067-87BB8D71057A}.ReleaseAzure|Any CPU.Build.0 = Release|Any CPU
		{32D38E9E-2FC1-45CB-9067-87BB8D71057A}.ReleaseCAES|Any CPU.ActiveCfg = Release|Any CPU
		{32D38E9E-2FC1-45CB-9067-87BB8D71057A}.ReleaseCAES|Any CPU.Build.0 = Release|Any CPU
		{32D38E9E-2FC1-45CB-9067-87BB8D71057A}.Test|Any CPU.ActiveCfg = Release|Any CPU
		{32D38E9E-2FC1-45CB-9067-87BB8D71057A}.Test|Any CPU.Build.0 = Release|Any CPU
		{CD0959A5-72D6-4F58-A730-24251C0F95FD}.Debug|Any CPU.ActiveCfg = Debug|Any CPU
		{CD0959A5-72D6-4F58-A730-24251C0F95FD}.Debug|Any CPU.Build.0 = Debug|Any CPU
		{CD0959A5-72D6-4F58-A730-24251C0F95FD}.Release|Any CPU.ActiveCfg = Release|Any CPU
		{CD0959A5-72D6-4F58-A730-24251C0F95FD}.Release|Any CPU.Build.0 = Release|Any CPU
		{CD0959A5-72D6-4F58-A730-24251C0F95FD}.ReleaseAzure|Any CPU.ActiveCfg = Release|Any CPU
		{CD0959A5-72D6-4F58-A730-24251C0F95FD}.ReleaseAzure|Any CPU.Build.0 = Release|Any CPU
		{CD0959A5-72D6-4F58-A730-24251C0F95FD}.ReleaseCAES|Any CPU.ActiveCfg = Release|Any CPU
		{CD0959A5-72D6-4F58-A730-24251C0F95FD}.ReleaseCAES|Any CPU.Build.0 = Release|Any CPU
		{CD0959A5-72D6-4F58-A730-24251C0F95FD}.Test|Any CPU.ActiveCfg = Release|Any CPU
		{CD0959A5-72D6-4F58-A730-24251C0F95FD}.Test|Any CPU.Build.0 = Release|Any CPU
	EndGlobalSection
	GlobalSection(SolutionProperties) = preSolution
		HideSolutionNode = FALSE
	EndGlobalSection
	GlobalSection(NestedProjects) = preSolution
		{32D38E9E-2FC1-45CB-9067-87BB8D71057A} = {3201A95E-A908-42BC-9363-D8B5720F6881}
		{CD0959A5-72D6-4F58-A730-24251C0F95FD} = {3201A95E-A908-42BC-9363-D8B5720F6881}
	EndGlobalSection
EndGlobal
